<?xml version="1.0" encoding="utf-8"?>
<Project ToolsVersion="4.0" xmlns="http://schemas.microsoft.com/developer/msbuild/2003">
  <ItemGroup>
    <Filter Include="Source Files">
      <UniqueIdentifier>{4FC737F1-C7A5-4376-A066-2A32D752A2FF}</UniqueIdentifier>
      <Extensions>cpp;c;cc;cxx;def;odl;idl;hpj;bat;asm;asmx</Extensions>
    </Filter>
    <Filter Include="Header Files">
      <UniqueIdentifier>{93995380-89BD-4b04-88EB-625FBE52EBFB}</UniqueIdentifier>
      <Extensions>h;hh;hpp;hxx;hm;inl;inc;xsd</Extensions>
    </Filter>
    <Filter Include="Resource Files">
      <UniqueIdentifier>{67DA6AB6-F800-4c08-8B7A-83BB121AAD01}</UniqueIdentifier>
      <Extensions>rc;ico;cur;bmp;dlg;rc2;rct;bin;rgs;gif;jpg;jpeg;jpe;resx;tiff;tif;png;wav;mfcribbon-ms</Extensions>
    </Filter>
    <Filter Include="tests">
      <UniqueIdentifier>{d1042610-c697-4977-8400-04c7c13c4686}</UniqueIdentifier>
      <Extensions>*tests.cpp</Extensions>
    </Filter>
  </ItemGroup>
  <ItemGroup>
    <ClInclude Include="stdafx.h">
      <Filter>Header Files</Filter>
    </ClInclude>
    <ClInclude Include="targetver.h">
      <Filter>Header Files</Filter>
    </ClInclude>
    <ClInclude Include="..\ISpringWord\ICommand.h">
      <Filter>Header Files</Filter>
    </ClInclude>
    <ClInclude Include="..\ISpringWord\Document.h">
      <Filter>Header Files</Filter>
    </ClInclude>
    <ClInclude Include="..\ISpringWord\History.h">
      <Filter>Header Files</Filter>
    </ClInclude>
    <ClInclude Include="..\ISpringWord\ChangeStringCommand.h">
      <Filter>Header Files</Filter>
    </ClInclude>
    <ClInclude Include="..\ISpringWord\AbstractCommand.h">
      <Filter>Header Files</Filter>
    </ClInclude>
    <ClInclude Include="..\ISpringWord\InsertItemCommand.h">
      <Filter>Header Files</Filter>
    </ClInclude>
    <ClInclude Include="..\ISpringWord\Paragraph.h">
      <Filter>Header Files</Filter>
    </ClInclude>
    <ClInclude Include="..\ISpringWord\Image.h">
      <Filter>Header Files</Filter>
    </ClInclude>
    <ClInclude Include="MockStorage.h">
      <Filter>Header Files</Filter>
    </ClInclude>
    <ClInclude Include="..\ISpringWord\HtmlExporter.h">
      <Filter>Header Files</Filter>
    </ClInclude>
    <ClInclude Include="..\ISpringWord\SaveStorage.h">
      <Filter>Header Files</Filter>
    </ClInclude>
    <ClInclude Include="..\ISpringWord\WorkCopy.h">
      <Filter>Header Files</Filter>
    </ClInclude>
  </ItemGroup>
  <ItemGroup>
    <ClCompile Include="stdafx.cpp">
      <Filter>Source Files</Filter>
    </ClCompile>
    <ClCompile Include="..\ISpringWord\Document.cpp">
      <Filter>Source Files</Filter>
    </ClCompile>
    <ClCompile Include="..\ISpringWord\History.cpp">
      <Filter>Source Files</Filter>
    </ClCompile>
    <ClCompile Include="..\ISpringWord\ChangeStringCommand.cpp">
      <Filter>Source Files</Filter>
    </ClCompile>
    <ClCompile Include="..\ISpringWord\AbstractCommand.cpp">
      <Filter>Source Files</Filter>
    </ClCompile>
    <ClCompile Include="..\ISpringWord\ConstDocumentItem.cpp">
      <Filter>Source Files</Filter>
    </ClCompile>
    <ClCompile Include="..\ISpringWord\InsertItemCommand.cpp">
      <Filter>Source Files</Filter>
    </ClCompile>
    <ClCompile Include="..\ISpringWord\Paragraph.cpp">
      <Filter>Source Files</Filter>
    </ClCompile>
    <ClCompile Include="..\ISpringWord\Image.cpp">
      <Filter>Source Files</Filter>
    </ClCompile>
    <ClCompile Include="..\ISpringWord\DeleteItemCommand.cpp">
      <Filter>Source Files</Filter>
    </ClCompile>
    <ClCompile Include="..\ISpringWord\ResizeImageCommand.cpp">
      <Filter>Source Files</Filter>
    </ClCompile>
    <ClCompile Include="..\ISpringWord\ReplaceTextCommand.cpp">
      <Filter>Source Files</Filter>
    </ClCompile>
    <ClCompile Include="..\ISpringWord\HtmlExporter.cpp">
      <Filter>Source Files</Filter>
    </ClCompile>
    <ClCompile Include="..\ISpringWord\SaveStorage.cpp">
      <Filter>Source Files</Filter>
    </ClCompile>
    <ClCompile Include="..\ISpringWord\WorkCopy.cpp">
      <Filter>Source Files</Filter>
    </ClCompile>
    <ClCompile Include="Document-tests.cpp">
      <Filter>tests</Filter>
    </ClCompile>
    <ClCompile Include="HtmlExporter_tests.cpp">
      <Filter>tests</Filter>
    </ClCompile>
    <ClCompile Include="Common-tests.cpp">
      <Filter>tests</Filter>
    </ClCompile>
  </ItemGroup>
</Project>